
Microsoft Visual Studio Solution File, Format Version 12.00
# Visual Studio Version 17
VisualStudioVersion = 17.4.33213.308
MinimumVisualStudioVersion = 10.0.40219.1
Project("{FAE04EC0-301F-11D3-BF4B-00C04F79EFBC}") = "RestSharp.Practics", "RestSharp.Practics\RestSharp.Practics.csproj", "{2DA51E47-F50B-4C67-B1CE-C5EC419F413C}"
EndProject
Project("{2150E333-8FDC-42A3-9474-1A3956D46DE8}") = "Test.Project", "Test.Project", "{99FBE615-F5D4-43F7-BB15-8C37E9523284}"
EndProject
Project("{FAE04EC0-301F-11D3-BF4B-00C04F79EFBC}") = "Test.Project", "Test.Project\Test.Project.csproj", "{C21DF13D-6A41-42BD-8B4B-EF83526A12C7}"
EndProject
Global
	GlobalSection(SolutionConfigurationPlatforms) = preSolution
		Debug|Any CPU = Debug|Any CPU
		Release|Any CPU = Release|Any CPU
	EndGlobalSection
	GlobalSection(ProjectConfigurationPlatforms) = postSolution
		{2DA51E47-F50B-4C67-B1CE-C5EC419F413C}.Debug|Any CPU.ActiveCfg = Debug|Any CPU
		{2DA51E47-F50B-4C67-B1CE-C5EC419F413C}.Debug|Any CPU.Build.0 = Debug|Any CPU
		{2DA51E47-F50B-4C67-B1CE-C5EC419F413C}.Release|Any CPU.ActiveCfg = Release|Any CPU
		{2DA51E47-F50B-4C67-B1CE-C5EC419F413C}.Release|Any CPU.Build.0 = Release|Any CPU
		{C21DF13D-6A41-42BD-8B4B-EF83526A12C7}.Debug|Any CPU.ActiveCfg = Debug|Any CPU
		{C21DF13D-6A41-42BD-8B4B-EF83526A12C7}.Debug|Any CPU.Build.0 = Debug|Any CPU
		{C21DF13D-6A41-42BD-8B4B-EF83526A12C7}.Release|Any CPU.ActiveCfg = Release|Any CPU
		{C21DF13D-6A41-42BD-8B4B-EF83526A12C7}.Release|Any CPU.Build.0 = Release|Any CPU
	EndGlobalSection
	GlobalSection(SolutionProperties) = preSolution
		HideSolutionNode = FALSE
	EndGlobalSection
	GlobalSection(NestedProjects) = preSolution
		{C21DF13D-6A41-42BD-8B4B-EF83526A12C7} = {99FBE615-F5D4-43F7-BB15-8C37E9523284}
	EndGlobalSection
	GlobalSection(ExtensibilityGlobals) = postSolution
		SolutionGuid = {B855D917-388F-4BF8-9812-EDAB98EFC564}
	EndGlobalSection
EndGlobal
